
Microsoft Visual Studio Solution File, Format Version 12.00
# Visual Studio Version 17
VisualStudioVersion = 17.3.32929.385
MinimumVisualStudioVersion = 10.0.40219.1
Project("{FAE04EC0-301F-11D3-BF4B-00C04F79EFBC}") = "SwordDamageApp", "SwordDamageApp\SwordDamageApp.csproj", "{FC2352B6-4D02-41C5-A1F8-5E765EED23F5}"
EndProject
Global
	GlobalSection(SolutionConfigurationPlatforms) = preSolution
		Debug|Any CPU = Debug|Any CPU
		Release|Any CPU = Release|Any CPU
	EndGlobalSection
	GlobalSection(ProjectConfigurationPlatforms) = postSolution
		{FC2352B6-4D02-41C5-A1F8-5E765EED23F5}.Debug|Any CPU.ActiveCfg = Debug|Any CPU
		{FC2352B6-4D02-41C5-A1F8-5E765EED23F5}.Debug|Any CPU.Build.0 = Debug|Any CPU
		{FC2352B6-4D02-41C5-A1F8-5E765EED23F5}.Release|Any CPU.ActiveCfg = Release|Any CPU
		{FC2352B6-4D02-41C5-A1F8-5E765EED23F5}.Release|Any CPU.Build.0 = Release|Any CPU
	EndGlobalSection
	GlobalSection(SolutionProperties) = preSolution
		HideSolutionNode = FALSE
	EndGlobalSection
	GlobalSection(ExtensibilityGlobals) = postSolution
		SolutionGuid = {A6468DE7-474F-4691-A603-5F706C4A0E96}
	EndGlobalSection
EndGlobal
